// !$*UTF8*$!
{
	archiveVersion = 1;
	classes = {
	};
	objectVersion = 48;
	objects = {

/* Begin PBXBuildFile section */
		CE050C66241FDED30062807C /* AppDelegate.swift in Sources */ = {isa = PBXBuildFile; fileRef = CE050C65241FDED30062807C /* AppDelegate.swift */; };
		CE050C68241FDED30062807C /* SceneDelegate.swift in Sources */ = {isa = PBXBuildFile; fileRef = CE050C67241FDED30062807C /* SceneDelegate.swift */; };
		CE050C6A241FDED30062807C /* ViewController.swift in Sources */ = {isa = PBXBuildFile; fileRef = CE050C69241FDED30062807C /* ViewController.swift */; };
		CE050C6D241FDED30062807C /* Main.storyboard in Resources */ = {isa = PBXBuildFile; fileRef = CE050C6B241FDED30062807C /* Main.storyboard */; };
		CE050C6F241FDED60062807C /* Assets.xcassets in Resources */ = {isa = PBXBuildFile; fileRef = CE050C6E241FDED60062807C /* Assets.xcassets */; };
		CE050C72241FDED60062807C /* LaunchScreen.storyboard in Resources */ = {isa = PBXBuildFile; fileRef = CE050C70241FDED60062807C /* LaunchScreen.storyboard */; };
		CE050C7A241FDF400062807C /* CollectionViewController.swift in Sources */ = {isa = PBXBuildFile; fileRef = CE050C79241FDF400062807C /* CollectionViewController.swift */; };
		CE050C7C241FDF6E0062807C /* ImageCollectionViewCell.swift in Sources */ = {isa = PBXBuildFile; fileRef = CE050C7B241FDF6E0062807C /* ImageCollectionViewCell.swift */; };
/* End PBXBuildFile section */

/* Begin PBXFileReference section */
		CE050C62241FDED30062807C /* ex00.app */ = {isa = PBXFileReference; explicitFileType = wrapper.application; includeInIndex = 0; path = ex00.app; sourceTree = BUILT_PRODUCTS_DIR; };
		CE050C65241FDED30062807C /* AppDelegate.swift */ = {isa = PBXFileReference; lastKnownFileType = sourcecode.swift; path = AppDelegate.swift; sourceTree = "<group>"; };
		CE050C67241FDED30062807C /* SceneDelegate.swift */ = {isa = PBXFileReference; lastKnownFileType = sourcecode.swift; path = SceneDelegate.swift; sourceTree = "<group>"; };
		CE050C69241FDED30062807C /* ViewController.swift */ = {isa = PBXFileReference; lastKnownFileType = sourcecode.swift; path = ViewController.swift; sourceTree = "<group>"; };
		CE050C6C241FDED30062807C /* Base */ = {isa = PBXFileReference; lastKnownFileType = file.storyboard; name = Base; path = Base.lproj/Main.storyboard; sourceTree = "<group>"; };
		CE050C6E241FDED60062807C /* Assets.xcassets */ = {isa = PBXFileReference; lastKnownFileType = folder.assetcatalog; path = Assets.xcassets; sourceTree = "<group>"; };
		CE050C71241FDED60062807C /* Base */ = {isa = PBXFileReference; lastKnownFileType = file.storyboard; name = Base; path = Base.lproj/LaunchScreen.storyboard; sourceTree = "<group>"; };
		CE050C73241FDED60062807C /* Info.plist */ = {isa = PBXFileReference; lastKnownFileType = text.plist.xml; path = Info.plist; sourceTree = "<group>"; };
		CE050C79241FDF400062807C /* CollectionViewController.swift */ = {isa = PBXFileReference; lastKnownFileType = sourcecode.swift; path = CollectionViewController.swift; sourceTree = "<group>"; };
		CE050C7B241FDF6E0062807C /* ImageCollectionViewCell.swift */ = {isa = PBXFileReference; lastKnownFileType = sourcecode.swift; path = ImageCollectionViewCell.swift; sourceTree = "<group>"; };
/* End PBXFileReference section */

/* Begin PBXFrameworksBuildPhase section */
		CE050C5F241FDED30062807C /* Frameworks */ = {
			isa = PBXFrameworksBuildPhase;
			buildActionMask = 2147483647;
			files = (
			);
			runOnlyForDeploymentPostprocessing = 0;
		};
/* End PBXFrameworksBuildPhase section */

/* Begin PBXGroup section */
		CE050C59241FDED30062807C = {
			isa = PBXGroup;
			children = (
				CE050C64241FDED30062807C /* ex00 */,
				CE050C63241FDED30062807C /* Products */,
			);
			sourceTree = "<group>";
		};
		CE050C63241FDED30062807C /* Products */ = {
			isa = PBXGroup;
			children = (
				CE050C62241FDED30062807C /* ex00.app */,
			);
			name = Products;
			sourceTree = "<group>";
		};
		CE050C64241FDED30062807C /* ex00 */ = {
			isa = PBXGroup;
			children = (
				CE050C65241FDED30062807C /* AppDelegate.swift */,
				CE050C67241FDED30062807C /* SceneDelegate.swift */,
				CE050C79241FDF400062807C /* CollectionViewController.swift */,
				CE050C7B241FDF6E0062807C /* ImageCollectionViewCell.swift */,
				CE050C69241FDED30062807C /* ViewController.swift */,
				CE050C6B241FDED30062807C /* Main.storyboard */,
				CE050C6E241FDED60062807C /* Assets.xcassets */,
				CE050C70241FDED60062807C /* LaunchScreen.storyboard */,
				CE050C73241FDED60062807C /* Info.plist */,
			);
			path = ex00;
			sourceTree = "<group>";
		};
/* End PBXGroup section */

/* Begin PBXNativeTarget section */
		CE050C61241FDED30062807C /* ex00 */ = {
			isa = PBXNativeTarget;
			buildConfigurationList = CE050C76241FDED60062807C /* Build configuration list for PBXNativeTarget "ex00" */;
			buildPhases = (
				CE050C5E241FDED30062807C /* Sources */,
				CE050C5F241FDED30062807C /* Frameworks */,
				CE050C60241FDED30062807C /* Resources */,
			);
			buildRules = (
			);
			dependencies = (
			);
			name = ex00;
			productName = ex00;
			productReference = CE050C62241FDED30062807C /* ex00.app */;
			productType = "com.apple.product-type.application";
		};
/* End PBXNativeTarget section */

/* Begin PBXProject section */
		CE050C5A241FDED30062807C /* Project object */ = {
			isa = PBXProject;
			attributes = {
				LastSwiftUpdateCheck = 1120;
				LastUpgradeCheck = 1120;
				ORGANIZATIONNAME = Melkozavr;
				TargetAttributes = {
					CE050C61241FDED30062807C = {
						CreatedOnToolsVersion = 11.2.1;
						ProvisioningStyle = Automatic;
					};
				};
			};
			buildConfigurationList = CE050C5D241FDED30062807C /* Build configuration list for PBXProject "ex00" */;
			compatibilityVersion = "Xcode 8.0";
			developmentRegion = en;
			hasScannedForEncodings = 0;
			knownRegions = (
				en,
				Base,
			);
			mainGroup = CE050C59241FDED30062807C;
			productRefGroup = CE050C63241FDED30062807C /* Products */;
			projectDirPath = "";
			projectRoot = "";
			targets = (
				CE050C61241FDED30062807C /* ex00 */,
			);
		};
/* End PBXProject section */

/* Begin PBXResourcesBuildPhase section */
		CE050C60241FDED30062807C /* Resources */ = {
			isa = PBXResourcesBuildPhase;
			buildActionMask = 2147483647;
			files = (
				CE050C72241FDED60062807C /* LaunchScreen.storyboard in Resources */,
				CE050C6F241FDED60062807C /* Assets.xcassets in Resources */,
				CE050C6D241FDED30062807C /* Main.storyboard in Resources */,
			);
			runOnlyForDeploymentPostprocessing = 0;
		};
/* End PBXResourcesBuildPhase section */

/* Begin PBXSourcesBuildPhase section */
		CE050C5E241FDED30062807C /* Sources */ = {
			isa = PBXSourcesBuildPhase;
			buildActionMask = 2147483647;
			files = (
				CE050C7A241FDF400062807C /* CollectionViewController.swift in Sources */,
				CE050C7C241FDF6E0062807C /* ImageCollectionViewCell.swift in Sources */,
				CE050C6A241FDED30062807C /* ViewController.swift in Sources */,
				CE050C66241FDED30062807C /* AppDelegate.swift in Sources */,
				CE050C68241FDED30062807C /* SceneDelegate.swift in Sources */,
			);
			runOnlyForDeploymentPostprocessing = 0;
		};
/* End PBXSourcesBuildPhase section */

/* Begin PBXVariantGroup section */
		CE050C6B241FDED30062807C /* Main.storyboard */ = {
			isa = PBXVariantGroup;
			children = (
				CE050C6C241FDED30062807C /* Base */,
			);
			name = Main.storyboard;
			sourceTree = "<group>";
		};
		CE050C70241FDED60062807C /* LaunchScreen.storyboard */ = {
			isa = PBXVariantGroup;
			children = (
				CE050C71241FDED60062807C /* Base */,
			);
			name = LaunchScreen.storyboard;
			sourceTree = "<group>";
		};
/* End PBXVariantGroup section */

/* Begin XCBuildConfiguration section */
		CE050C74241FDED60062807C /* Debug */ = {
			isa = XCBuildConfiguration;
			buildSettings = {
				ALWAYS_SEARCH_USER_PATHS = NO;
				CLANG_ANALYZER_NONNULL = YES;
				CLANG_ANALYZER_NUMBER_OBJECT_CONVERSION = YES_AGGRESSIVE;
				CLANG_CXX_LANGUAGE_STANDARD = "gnu++14";
				CLANG_CXX_LIBRARY = "libc++";
				CLANG_ENABLE_MODULES = YES;
				CLANG_ENABLE_OBJC_ARC = YES;
				CLANG_ENABLE_OBJC_WEAK = YES;
				CLANG_WARN_BLOCK_CAPTURE_AUTORELEASING = YES;
				CLANG_WARN_BOOL_CONVERSION = YES;
				CLANG_WARN_COMMA = YES;
				CLANG_WARN_CONSTANT_CONVERSION = YES;
				CLANG_WARN_DEPRECATED_OBJC_IMPLEMENTATIONS = YES;
				CLANG_WARN_DIRECT_OBJC_ISA_USAGE = YES_ERROR;
				CLANG_WARN_DOCUMENTATION_COMMENTS = YES;
				CLANG_WARN_EMPTY_BODY = YES;
				CLANG_WARN_ENUM_CONVERSION = YES;
				CLANG_WARN_INFINITE_RECURSION = YES;
				CLANG_WARN_INT_CONVERSION = YES;
				CLANG_WARN_NON_LITERAL_NULL_CONVERSION = YES;
				CLANG_WARN_OBJC_IMPLICIT_RETAIN_SELF = YES;
				CLANG_WARN_OBJC_LITERAL_CONVERSION = YES;
				CLANG_WARN_OBJC_ROOT_CLASS = YES_ERROR;
				CLANG_WARN_RANGE_LOOP_ANALYSIS = YES;
				CLANG_WARN_STRICT_PROTOTYPES = YES;
				CLANG_WARN_SUSPICIOUS_MOVE = YES;
				CLANG_WARN_UNGUARDED_AVAILABILITY = YES_AGGRESSIVE;
				CLANG_WARN_UNREACHABLE_CODE = YES;
				CLANG_WARN__DUPLICATE_METHOD_MATCH = YES;
				COPY_PHASE_STRIP = NO;
				DEBUG_INFORMATION_FORMAT = dwarf;
				ENABLE_STRICT_OBJC_MSGSEND = YES;
				ENABLE_TESTABILITY = YES;
				GCC_C_LANGUAGE_STANDARD = gnu11;
				GCC_DYNAMIC_NO_PIC = NO;
				GCC_NO_COMMON_BLOCKS = YES;
				GCC_OPTIMIZATION_LEVEL = 0;
				GCC_PREPROCESSOR_DEFINITIONS = (
					"DEBUG=1",
					"$(inherited)",
				);
				GCC_WARN_64_TO_32_BIT_CONVERSION = YES;
				GCC_WARN_ABOUT_RETURN_TYPE = YES_ERROR;
				GCC_WARN_UNDECLARED_SELECTOR = YES;
				GCC_WARN_UNINITIALIZED_AUTOS = YES_AGGRESSIVE;
				GCC_WARN_UNUSED_FUNCTION = YES;
				GCC_WARN_UNUSED_VARIABLE = YES;
				IPHONEOS_DEPLOYMENT_TARGET = 13.2;
				MTL_ENABLE_DEBUG_INFO = INCLUDE_SOURCE;
				MTL_FAST_MATH = YES;
				ONLY_ACTIVE_ARCH = YES;
				SDKROOT = iphoneos;
				SWIFT_ACTIVE_COMPILATION_CONDITIONS = DEBUG;
				SWIFT_OPTIMIZATION_LEVEL = "-Onone";
			};
			name = Debug;
		};
		CE050C75241FDED60062807C /* Release */ = {
			isa = XCBuildConfiguration;
			buildSettings = {
				ALWAYS_SEARCH_USER_PATHS = NO;
				CLANG_ANALYZER_NONNULL = YES;
				CLANG_ANALYZER_NUMBER_OBJECT_CONVERSION = YES_AGGRESSIVE;
				CLANG_CXX_LANGUAGE_STANDARD = "gnu++14";
				CLANG_CXX_LIBRARY = "libc++";
				CLANG_ENABLE_MODULES = YES;
				CLANG_ENABLE_OBJC_ARC = YES;
				CLANG_ENABLE_OBJC_WEAK = YES;
				CLANG_WARN_BLOCK_CAPTURE_AUTORELEASING = YES;
				CLANG_WARN_BOOL_CONVERSION = YES;
				CLANG_WARN_COMMA = YES;
				CLANG_WARN_CONSTANT_CONVERSION = YES;
				CLANG_WARN_DEPRECATED_OBJC_IMPLEMENTATIONS = YES;
				CLANG_WARN_DIRECT_OBJC_ISA_USAGE = YES_ERROR;
				CLANG_WARN_DOCUMENTATION_COMMENTS = YES;
				CLANG_WARN_EMPTY_BODY = YES;
				CLANG_WARN_ENUM_CONVERSION = YES;
				CLANG_WARN_INFINITE_RECURSION = YES;
				CLANG_WARN_INT_CONVERSION = YES;
				CLANG_WARN_NON_LITERAL_NULL_CONVERSION = YES;
				CLANG_WARN_OBJC_IMPLICIT_RETAIN_SELF = YES;
				CLANG_WARN_OBJC_LITERAL_CONVERSION = YES;
				CLANG_WARN_OBJC_ROOT_CLASS = YES_ERROR;
				CLANG_WARN_RANGE_LOOP_ANALYSIS = YES;
				CLANG_WARN_STRICT_PROTOTYPES = YES;
				CLANG_WARN_SUSPICIOUS_MOVE = YES;
				CLANG_WARN_UNGUARDED_AVAILABILITY = YES_AGGRESSIVE;
				CLANG_WARN_UNREACHABLE_CODE = YES;
				CLANG_WARN__DUPLICATE_METHOD_MATCH = YES;
				COPY_PHASE_STRIP = NO;
				DEBUG_INFORMATION_FORMAT = "dwarf-with-dsym";
				ENABLE_NS_ASSERTIONS = NO;
				ENABLE_STRICT_OBJC_MSGSEND = YES;
				GCC_C_LANGUAGE_STANDARD = gnu11;
				GCC_NO_COMMON_BLOCKS = YES;
				GCC_WARN_64_TO_32_BIT_CONVERSION = YES;
				GCC_WARN_ABOUT_RETURN_TYPE = YES_ERROR;
				GCC_WARN_UNDECLARED_SELECTOR = YES;
				GCC_WARN_UNINITIALIZED_AUTOS = YES_AGGRESSIVE;
				GCC_WARN_UNUSED_FUNCTION = YES;
				GCC_WARN_UNUSED_VARIABLE = YES;
				IPHONEOS_DEPLOYMENT_TARGET = 13.2;
				MTL_ENABLE_DEBUG_INFO = NO;
				MTL_FAST_MATH = YES;
				SDKROOT = iphoneos;
				SWIFT_OPTIMIZATION_LEVEL = "-Owholemodule";
				VALIDATE_PRODUCT = YES;
			};
			name = Release;
		};
		CE050C77241FDED60062807C /* Debug */ = {
			isa = XCBuildConfiguration;
			buildSettings = {
				ASSETCATALOG_COMPILER_APPICON_NAME = AppIcon;
				CODE_SIGN_STYLE = Automatic;
				INFOPLIST_FILE = ex00/Info.plist;
				IPHONEOS_DEPLOYMENT_TARGET = 13.2;
				LD_RUNPATH_SEARCH_PATHS = "$(inherited) @executable_path/Frameworks";
				PRODUCT_BUNDLE_IDENTIFIER = melkozavr.ex00;
				PRODUCT_NAME = "$(TARGET_NAME)";
				SWIFT_VERSION = 5.0;
				TARGETED_DEVICE_FAMILY = "1,2";
			};
			name = Debug;
		};
		CE050C78241FDED60062807C /* Release */ = {
			isa = XCBuildConfiguration;
			buildSettings = {
				ASSETCATALOG_COMPILER_APPICON_NAME = AppIcon;
				CODE_SIGN_STYLE = Automatic;
				INFOPLIST_FILE = ex00/Info.plist;
				IPHONEOS_DEPLOYMENT_TARGET = 13.2;
				LD_RUNPATH_SEARCH_PATHS = "$(inherited) @executable_path/Frameworks";
				PRODUCT_BUNDLE_IDENTIFIER = melkozavr.ex00;
				PRODUCT_NAME = "$(TARGET_NAME)";
				SWIFT_VERSION = 5.0;
				TARGETED_DEVICE_FAMILY = "1,2";
			};
			name = Release;
		};
/* End XCBuildConfiguration section */

/* Begin XCConfigurationList section */
		CE050C5D241FDED30062807C /* Build configuration list for PBXProject "ex00" */ = {
			isa = XCConfigurationList;
			buildConfigurations = (
				CE050C74241FDED60062807C /* Debug */,
				CE050C75241FDED60062807C /* Release */,
			);
			defaultConfigurationIsVisible = 0;
			defaultConfigurationName = Release;
		};
		CE050C76241FDED60062807C /* Build configuration list for PBXNativeTarget "ex00" */ = {
			isa = XCConfigurationList;
			buildConfigurations = (
				CE050C77241FDED60062807C /* Debug */,
				CE050C78241FDED60062807C /* Release */,
			);
			defaultConfigurationIsVisible = 0;
			defaultConfigurationName = Release;
		};
/* End XCConfigurationList section */
	};
	rootObject = CE050C5A241FDED30062807C /* Project object */;
}
